
Microsoft Visual Studio Solution File, Format Version 12.00
# Visual Studio Version 17
VisualStudioVersion = 17.10.35013.160
MinimumVisualStudioVersion = 10.0.40219.1
Project("{9A19103F-16F7-4668-BE54-9A1E7A4F7556}") = "MR.BlazorWasmStarter", "MR.BlazorWasmStarter\MR.BlazorWasmStarter.csproj", "{B66AB7DF-FCE2-4EA8-A642-5D9F3FFFDEA0}"
EndProject
Project("{9A19103F-16F7-4668-BE54-9A1E7A4F7556}") = "MR.BlazorOpenAIStarter", "MR.BlazorOpenAIStarter\MR.BlazorOpenAIStarter.csproj", "{E3D93211-9293-4D3D-B218-0472B458D58B}"
EndProject
Project("{9A19103F-16F7-4668-BE54-9A1E7A4F7556}") = "MR.BlazorGiftSuggestionApp", "MR.BlazorGiftSuggestionApp\MR.BlazorGiftSuggestionApp.csproj", "{18540DDA-B9BA-4EC8-AB27-742E4B9378EB}"
EndProject
Global
	GlobalSection(SolutionConfigurationPlatforms) = preSolution
		Debug|Any CPU = Debug|Any CPU
		Release|Any CPU = Release|Any CPU
	EndGlobalSection
	GlobalSection(ProjectConfigurationPlatforms) = postSolution
		{B66AB7DF-FCE2-4EA8-A642-5D9F3FFFDEA0}.Debug|Any CPU.ActiveCfg = Debug|Any CPU
		{B66AB7DF-FCE2-4EA8-A642-5D9F3FFFDEA0}.Debug|Any CPU.Build.0 = Debug|Any CPU
		{B66AB7DF-FCE2-4EA8-A642-5D9F3FFFDEA0}.Release|Any CPU.ActiveCfg = Release|Any CPU
		{B66AB7DF-FCE2-4EA8-A642-5D9F3FFFDEA0}.Release|Any CPU.Build.0 = Release|Any CPU
		{E3D93211-9293-4D3D-B218-0472B458D58B}.Debug|Any CPU.ActiveCfg = Debug|Any CPU
		{E3D93211-9293-4D3D-B218-0472B458D58B}.Debug|Any CPU.Build.0 = Debug|Any CPU
		{E3D93211-9293-4D3D-B218-0472B458D58B}.Release|Any CPU.ActiveCfg = Release|Any CPU
		{E3D93211-9293-4D3D-B218-0472B458D58B}.Release|Any CPU.Build.0 = Release|Any CPU
		{18540DDA-B9BA-4EC8-AB27-742E4B9378EB}.Debug|Any CPU.ActiveCfg = Debug|Any CPU
		{18540DDA-B9BA-4EC8-AB27-742E4B9378EB}.Debug|Any CPU.Build.0 = Debug|Any CPU
		{18540DDA-B9BA-4EC8-AB27-742E4B9378EB}.Release|Any CPU.ActiveCfg = Release|Any CPU
		{18540DDA-B9BA-4EC8-AB27-742E4B9378EB}.Release|Any CPU.Build.0 = Release|Any CPU
	EndGlobalSection
	GlobalSection(SolutionProperties) = preSolution
		HideSolutionNode = FALSE
	EndGlobalSection
	GlobalSection(ExtensibilityGlobals) = postSolution
		SolutionGuid = {0C10BC66-1BA7-41CF-96E7-BECEF0451AE2}
	EndGlobalSection
EndGlobal
